
Microsoft Visual Studio Solution File, Format Version 12.00
# Visual Studio Version 16
VisualStudioVersion = 16.0.30503.244
MinimumVisualStudioVersion = 10.0.40219.1
Project("{FAE04EC0-301F-11D3-BF4B-00C04F79EFBC}") = "ConsoleDz", "ConsoleDz\ConsoleDz.csproj", "{2B6D9EB1-0730-428D-A152-EE46A81321D8}"
EndProject
Project("{FAE04EC0-301F-11D3-BF4B-00C04F79EFBC}") = "ConsoleDz2", "ConsoleDz2\ConsoleDz2.csproj", "{968BAD6B-35E9-4EA9-9F17-17A3787B8D6A}"
EndProject
Project("{FAE04EC0-301F-11D3-BF4B-00C04F79EFBC}") = "ConsoleDz3", "ConsoleDz3\ConsoleDz3.csproj", "{951AE6D3-909B-4931-8CA3-0EDEAD5BD1D8}"
EndProject
Project("{FAE04EC0-301F-11D3-BF4B-00C04F79EFBC}") = "ConsoleDz4", "ConsoleDz4\ConsoleDz4.csproj", "{D9BA62AA-7055-4B0F-B544-2B84BF893F36}"
EndProject
Project("{FAE04EC0-301F-11D3-BF4B-00C04F79EFBC}") = "ConsoleDz5", "ConsoleDz5\ConsoleDz5.csproj", "{41CF62DF-A5F0-4863-AAED-DA214D2EC948}"
EndProject
Global
	GlobalSection(SolutionConfigurationPlatforms) = preSolution
		Debug|Any CPU = Debug|Any CPU
		Release|Any CPU = Release|Any CPU
	EndGlobalSection
	GlobalSection(ProjectConfigurationPlatforms) = postSolution
		{2B6D9EB1-0730-428D-A152-EE46A81321D8}.Debug|Any CPU.ActiveCfg = Debug|Any CPU
		{2B6D9EB1-0730-428D-A152-EE46A81321D8}.Debug|Any CPU.Build.0 = Debug|Any CPU
		{2B6D9EB1-0730-428D-A152-EE46A81321D8}.Release|Any CPU.ActiveCfg = Release|Any CPU
		{2B6D9EB1-0730-428D-A152-EE46A81321D8}.Release|Any CPU.Build.0 = Release|Any CPU
		{968BAD6B-35E9-4EA9-9F17-17A3787B8D6A}.Debug|Any CPU.ActiveCfg = Debug|Any CPU
		{968BAD6B-35E9-4EA9-9F17-17A3787B8D6A}.Debug|Any CPU.Build.0 = Debug|Any CPU
		{968BAD6B-35E9-4EA9-9F17-17A3787B8D6A}.Release|Any CPU.ActiveCfg = Release|Any CPU
		{968BAD6B-35E9-4EA9-9F17-17A3787B8D6A}.Release|Any CPU.Build.0 = Release|Any CPU
		{951AE6D3-909B-4931-8CA3-0EDEAD5BD1D8}.Debug|Any CPU.ActiveCfg = Debug|Any CPU
		{951AE6D3-909B-4931-8CA3-0EDEAD5BD1D8}.Debug|Any CPU.Build.0 = Debug|Any CPU
		{951AE6D3-909B-4931-8CA3-0EDEAD5BD1D8}.Release|Any CPU.ActiveCfg = Release|Any CPU
		{951AE6D3-909B-4931-8CA3-0EDEAD5BD1D8}.Release|Any CPU.Build.0 = Release|Any CPU
		{D9BA62AA-7055-4B0F-B544-2B84BF893F36}.Debug|Any CPU.ActiveCfg = Debug|Any CPU
		{D9BA62AA-7055-4B0F-B544-2B84BF893F36}.Debug|Any CPU.Build.0 = Debug|Any CPU
		{D9BA62AA-7055-4B0F-B544-2B84BF893F36}.Release|Any CPU.ActiveCfg = Release|Any CPU
		{D9BA62AA-7055-4B0F-B544-2B84BF893F36}.Release|Any CPU.Build.0 = Release|Any CPU
		{41CF62DF-A5F0-4863-AAED-DA214D2EC948}.Debug|Any CPU.ActiveCfg = Debug|Any CPU
		{41CF62DF-A5F0-4863-AAED-DA214D2EC948}.Debug|Any CPU.Build.0 = Debug|Any CPU
		{41CF62DF-A5F0-4863-AAED-DA214D2EC948}.Release|Any CPU.ActiveCfg = Release|Any CPU
		{41CF62DF-A5F0-4863-AAED-DA214D2EC948}.Release|Any CPU.Build.0 = Release|Any CPU
	EndGlobalSection
	GlobalSection(SolutionProperties) = preSolution
		HideSolutionNode = FALSE
	EndGlobalSection
	GlobalSection(ExtensibilityGlobals) = postSolution
		SolutionGuid = {415E05EC-34C0-42BE-AD46-C0D3A6C20FEB}
	EndGlobalSection
EndGlobal
