
Microsoft Visual Studio Solution File, Format Version 12.00
# Visual Studio Version 16
VisualStudioVersion = 16.0.30503.244
MinimumVisualStudioVersion = 10.0.40219.1
Project("{FAE04EC0-301F-11D3-BF4B-00C04F79EFBC}") = "ConsoleHomeWork", "ConsoleHomeWork\ConsoleHomeWork.csproj", "{37D55C0D-B7E4-4AAE-8953-EDBFD86940BD}"
EndProject
Project("{FAE04EC0-301F-11D3-BF4B-00C04F79EFBC}") = "ConsoleHomeWork2", "ConsoleHomeWork2\ConsoleHomeWork2.csproj", "{93DFA4F6-CD9A-49CF-8A02-08DC79D3CAAF}"
EndProject
Project("{FAE04EC0-301F-11D3-BF4B-00C04F79EFBC}") = "ConsoleHomeWork3", "ConsoleHomeWork3\ConsoleHomeWork3.csproj", "{0455E42D-2AF3-477C-8FC3-DC5C9E4E05DB}"
EndProject
Global
	GlobalSection(SolutionConfigurationPlatforms) = preSolution
		Debug|Any CPU = Debug|Any CPU
		Release|Any CPU = Release|Any CPU
	EndGlobalSection
	GlobalSection(ProjectConfigurationPlatforms) = postSolution
		{37D55C0D-B7E4-4AAE-8953-EDBFD86940BD}.Debug|Any CPU.ActiveCfg = Debug|Any CPU
		{37D55C0D-B7E4-4AAE-8953-EDBFD86940BD}.Debug|Any CPU.Build.0 = Debug|Any CPU
		{37D55C0D-B7E4-4AAE-8953-EDBFD86940BD}.Release|Any CPU.ActiveCfg = Release|Any CPU
		{37D55C0D-B7E4-4AAE-8953-EDBFD86940BD}.Release|Any CPU.Build.0 = Release|Any CPU
		{93DFA4F6-CD9A-49CF-8A02-08DC79D3CAAF}.Debug|Any CPU.ActiveCfg = Debug|Any CPU
		{93DFA4F6-CD9A-49CF-8A02-08DC79D3CAAF}.Debug|Any CPU.Build.0 = Debug|Any CPU
		{93DFA4F6-CD9A-49CF-8A02-08DC79D3CAAF}.Release|Any CPU.ActiveCfg = Release|Any CPU
		{93DFA4F6-CD9A-49CF-8A02-08DC79D3CAAF}.Release|Any CPU.Build.0 = Release|Any CPU
		{0455E42D-2AF3-477C-8FC3-DC5C9E4E05DB}.Debug|Any CPU.ActiveCfg = Debug|Any CPU
		{0455E42D-2AF3-477C-8FC3-DC5C9E4E05DB}.Debug|Any CPU.Build.0 = Debug|Any CPU
		{0455E42D-2AF3-477C-8FC3-DC5C9E4E05DB}.Release|Any CPU.ActiveCfg = Release|Any CPU
		{0455E42D-2AF3-477C-8FC3-DC5C9E4E05DB}.Release|Any CPU.Build.0 = Release|Any CPU
	EndGlobalSection
	GlobalSection(SolutionProperties) = preSolution
		HideSolutionNode = FALSE
	EndGlobalSection
	GlobalSection(ExtensibilityGlobals) = postSolution
		SolutionGuid = {A57B3733-43A6-4466-B068-53792C643EB7}
	EndGlobalSection
EndGlobal
